
Microsoft Visual Studio Solution File, Format Version 12.00
# Visual Studio Version 17
VisualStudioVersion = 17.0.31903.59
MinimumVisualStudioVersion = 10.0.40219.1
Project("{FAE04EC0-301F-11D3-BF4B-00C04F79EFBC}") = "BotSinais.ApiService", "BotSinais.ApiService\BotSinais.ApiService.csproj", "{7629C7B3-1BE7-B25F-5325-83D3305C4286}"
EndProject
Project("{FAE04EC0-301F-11D3-BF4B-00C04F79EFBC}") = "BotSinais.AppHost", "BotSinais.AppHost\BotSinais.AppHost.csproj", "{BADCCE0D-FA35-FB57-E9E0-715515BA1BE8}"
EndProject
Project("{FAE04EC0-301F-11D3-BF4B-00C04F79EFBC}") = "BotSinais.ServiceDefaults", "BotSinais.ServiceDefaults\BotSinais.ServiceDefaults.csproj", "{DDC3F3F5-C9DC-234B-AAFE-686A3EF9D5C0}"
EndProject
Project("{FAE04EC0-301F-11D3-BF4B-00C04F79EFBC}") = "BotSinais.Tests", "BotSinais.Tests\BotSinais.Tests.csproj", "{CA6D370D-0C40-0695-A269-9D82AC6FA638}"
EndProject
Project("{FAE04EC0-301F-11D3-BF4B-00C04F79EFBC}") = "BotSinais.Domain", "BotSinais.Domain\BotSinais.Domain.csproj", "{88C3A6D7-3322-41D6-B32F-284920A3BC47}"
EndProject
Project("{FAE04EC0-301F-11D3-BF4B-00C04F79EFBC}") = "BotSinais.Infrastructure", "BotSinais.Infrastructure\BotSinais.Infrastructure.csproj", "{BE3FEA4C-7A7B-4B50-9767-D8F4572B33B5}"
EndProject
Project("{2150E333-8FDC-42A3-9474-1A3956D46DE8}") = "Infrastructure", "Infrastructure", "{02EA681E-C7D8-13C7-8484-4AC65E1B71E8}"
EndProject
Project("{2150E333-8FDC-42A3-9474-1A3956D46DE8}") = "Tests", "Tests", "{5FB0AB03-8081-4563-AB49-14D63D1B1CDA}"
EndProject
Project("{2150E333-8FDC-42A3-9474-1A3956D46DE8}") = "Domain", "Domain", "{0427C969-BA0B-4151-8E7A-425B2F252DA7}"
EndProject
Project("{FAE04EC0-301F-11D3-BF4B-00C04F79EFBC}") = "BotSinais.Presentation", "BotSinais.Presentation\BotSinais.Presentation\BotSinais.Presentation.csproj", "{C0842C73-D810-42A1-A6AB-7B2301EABCD2}"
EndProject
Project("{FAE04EC0-301F-11D3-BF4B-00C04F79EFBC}") = "BotSinais.Presentation.Shared", "BotSinais.Presentation\BotSinais.Presentation.Shared\BotSinais.Presentation.Shared.csproj", "{2473593C-547F-42B0-B188-6D06089DCFD1}"
EndProject
Project("{FAE04EC0-301F-11D3-BF4B-00C04F79EFBC}") = "BotSinais.Presentation.Web", "BotSinais.Presentation\BotSinais.Presentation.Web\BotSinais.Presentation.Web.csproj", "{B794DEF1-62AD-4737-BFF7-AEDAC23D97D8}"
EndProject
Project("{FAE04EC0-301F-11D3-BF4B-00C04F79EFBC}") = "BotSinais.Presentation.Web.Client", "BotSinais.Presentation\BotSinais.Presentation.Web.Client\BotSinais.Presentation.Web.Client.csproj", "{95FBA3B7-1B93-4A8C-9C57-B9C70AB5F73B}"
EndProject
Project("{2150E333-8FDC-42A3-9474-1A3956D46DE8}") = "Presentation", "Presentation", "{C5B9490F-12CB-4775-9865-EEC3D676111F}"
EndProject
Project("{2150E333-8FDC-42A3-9474-1A3956D46DE8}") = "RPAs", "RPAs", "{A40D4C1B-D277-4203-906E-5C6AE6E15658}"
EndProject
Global
	GlobalSection(SolutionConfigurationPlatforms) = preSolution
		Debug|Any CPU = Debug|Any CPU
		Debug|x64 = Debug|x64
		Debug|x86 = Debug|x86
		Release|Any CPU = Release|Any CPU
		Release|x64 = Release|x64
		Release|x86 = Release|x86
	EndGlobalSection
	GlobalSection(ProjectConfigurationPlatforms) = postSolution
		{7629C7B3-1BE7-B25F-5325-83D3305C4286}.Debug|Any CPU.ActiveCfg = Debug|Any CPU
		{7629C7B3-1BE7-B25F-5325-83D3305C4286}.Debug|Any CPU.Build.0 = Debug|Any CPU
		{7629C7B3-1BE7-B25F-5325-83D3305C4286}.Debug|x64.ActiveCfg = Debug|Any CPU
		{7629C7B3-1BE7-B25F-5325-83D3305C4286}.Debug|x64.Build.0 = Debug|Any CPU
		{7629C7B3-1BE7-B25F-5325-83D3305C4286}.Debug|x86.ActiveCfg = Debug|Any CPU
		{7629C7B3-1BE7-B25F-5325-83D3305C4286}.Debug|x86.Build.0 = Debug|Any CPU
		{7629C7B3-1BE7-B25F-5325-83D3305C4286}.Release|Any CPU.ActiveCfg = Release|Any CPU
		{7629C7B3-1BE7-B25F-5325-83D3305C4286}.Release|Any CPU.Build.0 = Release|Any CPU
		{7629C7B3-1BE7-B25F-5325-83D3305C4286}.Release|x64.ActiveCfg = Release|Any CPU
		{7629C7B3-1BE7-B25F-5325-83D3305C4286}.Release|x64.Build.0 = Release|Any CPU
		{7629C7B3-1BE7-B25F-5325-83D3305C4286}.Release|x86.ActiveCfg = Release|Any CPU
		{7629C7B3-1BE7-B25F-5325-83D3305C4286}.Release|x86.Build.0 = Release|Any CPU
		{BADCCE0D-FA35-FB57-E9E0-715515BA1BE8}.Debug|Any CPU.ActiveCfg = Debug|Any CPU
		{BADCCE0D-FA35-FB57-E9E0-715515BA1BE8}.Debug|Any CPU.Build.0 = Debug|Any CPU
		{BADCCE0D-FA35-FB57-E9E0-715515BA1BE8}.Debug|x64.ActiveCfg = Debug|Any CPU
		{BADCCE0D-FA35-FB57-E9E0-715515BA1BE8}.Debug|x64.Build.0 = Debug|Any CPU
		{BADCCE0D-FA35-FB57-E9E0-715515BA1BE8}.Debug|x86.ActiveCfg = Debug|Any CPU
		{BADCCE0D-FA35-FB57-E9E0-715515BA1BE8}.Debug|x86.Build.0 = Debug|Any CPU
		{BADCCE0D-FA35-FB57-E9E0-715515BA1BE8}.Release|Any CPU.ActiveCfg = Release|Any CPU
		{BADCCE0D-FA35-FB57-E9E0-715515BA1BE8}.Release|Any CPU.Build.0 = Release|Any CPU
		{BADCCE0D-FA35-FB57-E9E0-715515BA1BE8}.Release|x64.ActiveCfg = Release|Any CPU
		{BADCCE0D-FA35-FB57-E9E0-715515BA1BE8}.Release|x64.Build.0 = Release|Any CPU
		{BADCCE0D-FA35-FB57-E9E0-715515BA1BE8}.Release|x86.ActiveCfg = Release|Any CPU
		{BADCCE0D-FA35-FB57-E9E0-715515BA1BE8}.Release|x86.Build.0 = Release|Any CPU
		{DDC3F3F5-C9DC-234B-AAFE-686A3EF9D5C0}.Debug|Any CPU.ActiveCfg = Debug|Any CPU
		{DDC3F3F5-C9DC-234B-AAFE-686A3EF9D5C0}.Debug|Any CPU.Build.0 = Debug|Any CPU
		{DDC3F3F5-C9DC-234B-AAFE-686A3EF9D5C0}.Debug|x64.ActiveCfg = Debug|Any CPU
		{DDC3F3F5-C9DC-234B-AAFE-686A3EF9D5C0}.Debug|x64.Build.0 = Debug|Any CPU
		{DDC3F3F5-C9DC-234B-AAFE-686A3EF9D5C0}.Debug|x86.ActiveCfg = Debug|Any CPU
		{DDC3F3F5-C9DC-234B-AAFE-686A3EF9D5C0}.Debug|x86.Build.0 = Debug|Any CPU
		{DDC3F3F5-C9DC-234B-AAFE-686A3EF9D5C0}.Release|Any CPU.ActiveCfg = Release|Any CPU
		{DDC3F3F5-C9DC-234B-AAFE-686A3EF9D5C0}.Release|Any CPU.Build.0 = Release|Any CPU
		{DDC3F3F5-C9DC-234B-AAFE-686A3EF9D5C0}.Release|x64.ActiveCfg = Release|Any CPU
		{DDC3F3F5-C9DC-234B-AAFE-686A3EF9D5C0}.Release|x64.Build.0 = Release|Any CPU
		{DDC3F3F5-C9DC-234B-AAFE-686A3EF9D5C0}.Release|x86.ActiveCfg = Release|Any CPU
		{DDC3F3F5-C9DC-234B-AAFE-686A3EF9D5C0}.Release|x86.Build.0 = Release|Any CPU
		{CA6D370D-0C40-0695-A269-9D82AC6FA638}.Debug|Any CPU.ActiveCfg = Debug|Any CPU
		{CA6D370D-0C40-0695-A269-9D82AC6FA638}.Debug|Any CPU.Build.0 = Debug|Any CPU
		{CA6D370D-0C40-0695-A269-9D82AC6FA638}.Debug|x64.ActiveCfg = Debug|Any CPU
		{CA6D370D-0C40-0695-A269-9D82AC6FA638}.Debug|x64.Build.0 = Debug|Any CPU
		{CA6D370D-0C40-0695-A269-9D82AC6FA638}.Debug|x86.ActiveCfg = Debug|Any CPU
		{CA6D370D-0C40-0695-A269-9D82AC6FA638}.Debug|x86.Build.0 = Debug|Any CPU
		{CA6D370D-0C40-0695-A269-9D82AC6FA638}.Release|Any CPU.ActiveCfg = Release|Any CPU
		{CA6D370D-0C40-0695-A269-9D82AC6FA638}.Release|Any CPU.Build.0 = Release|Any CPU
		{CA6D370D-0C40-0695-A269-9D82AC6FA638}.Release|x64.ActiveCfg = Release|Any CPU
		{CA6D370D-0C40-0695-A269-9D82AC6FA638}.Release|x64.Build.0 = Release|Any CPU
		{CA6D370D-0C40-0695-A269-9D82AC6FA638}.Release|x86.ActiveCfg = Release|Any CPU
		{CA6D370D-0C40-0695-A269-9D82AC6FA638}.Release|x86.Build.0 = Release|Any CPU
		{88C3A6D7-3322-41D6-B32F-284920A3BC47}.Debug|Any CPU.ActiveCfg = Debug|Any CPU
		{88C3A6D7-3322-41D6-B32F-284920A3BC47}.Debug|Any CPU.Build.0 = Debug|Any CPU
		{88C3A6D7-3322-41D6-B32F-284920A3BC47}.Debug|x64.ActiveCfg = Debug|Any CPU
		{88C3A6D7-3322-41D6-B32F-284920A3BC47}.Debug|x64.Build.0 = Debug|Any CPU
		{88C3A6D7-3322-41D6-B32F-284920A3BC47}.Debug|x86.ActiveCfg = Debug|Any CPU
		{88C3A6D7-3322-41D6-B32F-284920A3BC47}.Debug|x86.Build.0 = Debug|Any CPU
		{88C3A6D7-3322-41D6-B32F-284920A3BC47}.Release|Any CPU.ActiveCfg = Release|Any CPU
		{88C3A6D7-3322-41D6-B32F-284920A3BC47}.Release|Any CPU.Build.0 = Release|Any CPU
		{88C3A6D7-3322-41D6-B32F-284920A3BC47}.Release|x64.ActiveCfg = Release|Any CPU
		{88C3A6D7-3322-41D6-B32F-284920A3BC47}.Release|x64.Build.0 = Release|Any CPU
		{88C3A6D7-3322-41D6-B32F-284920A3BC47}.Release|x86.ActiveCfg = Release|Any CPU
		{88C3A6D7-3322-41D6-B32F-284920A3BC47}.Release|x86.Build.0 = Release|Any CPU
		{BE3FEA4C-7A7B-4B50-9767-D8F4572B33B5}.Debug|Any CPU.ActiveCfg = Debug|Any CPU
		{BE3FEA4C-7A7B-4B50-9767-D8F4572B33B5}.Debug|Any CPU.Build.0 = Debug|Any CPU
		{BE3FEA4C-7A7B-4B50-9767-D8F4572B33B5}.Debug|x64.ActiveCfg = Debug|Any CPU
		{BE3FEA4C-7A7B-4B50-9767-D8F4572B33B5}.Debug|x64.Build.0 = Debug|Any CPU
		{BE3FEA4C-7A7B-4B50-9767-D8F4572B33B5}.Debug|x86.ActiveCfg = Debug|Any CPU
		{BE3FEA4C-7A7B-4B50-9767-D8F4572B33B5}.Debug|x86.Build.0 = Debug|Any CPU
		{BE3FEA4C-7A7B-4B50-9767-D8F4572B33B5}.Release|Any CPU.ActiveCfg = Release|Any CPU
		{BE3FEA4C-7A7B-4B50-9767-D8F4572B33B5}.Release|Any CPU.Build.0 = Release|Any CPU
		{BE3FEA4C-7A7B-4B50-9767-D8F4572B33B5}.Release|x64.ActiveCfg = Release|Any CPU
		{BE3FEA4C-7A7B-4B50-9767-D8F4572B33B5}.Release|x64.Build.0 = Release|Any CPU
		{BE3FEA4C-7A7B-4B50-9767-D8F4572B33B5}.Release|x86.ActiveCfg = Release|Any CPU
		{BE3FEA4C-7A7B-4B50-9767-D8F4572B33B5}.Release|x86.Build.0 = Release|Any CPU
		{C0842C73-D810-42A1-A6AB-7B2301EABCD2}.Debug|Any CPU.ActiveCfg = Debug|Any CPU
		{C0842C73-D810-42A1-A6AB-7B2301EABCD2}.Debug|Any CPU.Build.0 = Debug|Any CPU
		{C0842C73-D810-42A1-A6AB-7B2301EABCD2}.Debug|Any CPU.Deploy.0 = Debug|Any CPU
		{C0842C73-D810-42A1-A6AB-7B2301EABCD2}.Debug|x64.ActiveCfg = Debug|Any CPU
		{C0842C73-D810-42A1-A6AB-7B2301EABCD2}.Debug|x64.Build.0 = Debug|Any CPU
		{C0842C73-D810-42A1-A6AB-7B2301EABCD2}.Debug|x86.ActiveCfg = Debug|Any CPU
		{C0842C73-D810-42A1-A6AB-7B2301EABCD2}.Debug|x86.Build.0 = Debug|Any CPU
		{C0842C73-D810-42A1-A6AB-7B2301EABCD2}.Release|Any CPU.ActiveCfg = Release|Any CPU
		{C0842C73-D810-42A1-A6AB-7B2301EABCD2}.Release|Any CPU.Build.0 = Release|Any CPU
		{C0842C73-D810-42A1-A6AB-7B2301EABCD2}.Release|x64.ActiveCfg = Release|Any CPU
		{C0842C73-D810-42A1-A6AB-7B2301EABCD2}.Release|x64.Build.0 = Release|Any CPU
		{C0842C73-D810-42A1-A6AB-7B2301EABCD2}.Release|x86.ActiveCfg = Release|Any CPU
		{C0842C73-D810-42A1-A6AB-7B2301EABCD2}.Release|x86.Build.0 = Release|Any CPU
		{2473593C-547F-42B0-B188-6D06089DCFD1}.Debug|Any CPU.ActiveCfg = Debug|Any CPU
		{2473593C-547F-42B0-B188-6D06089DCFD1}.Debug|Any CPU.Build.0 = Debug|Any CPU
		{2473593C-547F-42B0-B188-6D06089DCFD1}.Debug|x64.ActiveCfg = Debug|Any CPU
		{2473593C-547F-42B0-B188-6D06089DCFD1}.Debug|x64.Build.0 = Debug|Any CPU
		{2473593C-547F-42B0-B188-6D06089DCFD1}.Debug|x86.ActiveCfg = Debug|Any CPU
		{2473593C-547F-42B0-B188-6D06089DCFD1}.Debug|x86.Build.0 = Debug|Any CPU
		{2473593C-547F-42B0-B188-6D06089DCFD1}.Release|Any CPU.ActiveCfg = Release|Any CPU
		{2473593C-547F-42B0-B188-6D06089DCFD1}.Release|Any CPU.Build.0 = Release|Any CPU
		{2473593C-547F-42B0-B188-6D06089DCFD1}.Release|x64.ActiveCfg = Release|Any CPU
		{2473593C-547F-42B0-B188-6D06089DCFD1}.Release|x64.Build.0 = Release|Any CPU
		{2473593C-547F-42B0-B188-6D06089DCFD1}.Release|x86.ActiveCfg = Release|Any CPU
		{2473593C-547F-42B0-B188-6D06089DCFD1}.Release|x86.Build.0 = Release|Any CPU
		{B794DEF1-62AD-4737-BFF7-AEDAC23D97D8}.Debug|Any CPU.ActiveCfg = Debug|Any CPU
		{B794DEF1-62AD-4737-BFF7-AEDAC23D97D8}.Debug|Any CPU.Build.0 = Debug|Any CPU
		{B794DEF1-62AD-4737-BFF7-AEDAC23D97D8}.Debug|x64.ActiveCfg = Debug|Any CPU
		{B794DEF1-62AD-4737-BFF7-AEDAC23D97D8}.Debug|x64.Build.0 = Debug|Any CPU
		{B794DEF1-62AD-4737-BFF7-AEDAC23D97D8}.Debug|x86.ActiveCfg = Debug|Any CPU
		{B794DEF1-62AD-4737-BFF7-AEDAC23D97D8}.Debug|x86.Build.0 = Debug|Any CPU
		{B794DEF1-62AD-4737-BFF7-AEDAC23D97D8}.Release|Any CPU.ActiveCfg = Release|Any CPU
		{B794DEF1-62AD-4737-BFF7-AEDAC23D97D8}.Release|Any CPU.Build.0 = Release|Any CPU
		{B794DEF1-62AD-4737-BFF7-AEDAC23D97D8}.Release|x64.ActiveCfg = Release|Any CPU
		{B794DEF1-62AD-4737-BFF7-AEDAC23D97D8}.Release|x64.Build.0 = Release|Any CPU
		{B794DEF1-62AD-4737-BFF7-AEDAC23D97D8}.Release|x86.ActiveCfg = Release|Any CPU
		{B794DEF1-62AD-4737-BFF7-AEDAC23D97D8}.Release|x86.Build.0 = Release|Any CPU
		{95FBA3B7-1B93-4A8C-9C57-B9C70AB5F73B}.Debug|Any CPU.ActiveCfg = Debug|Any CPU
		{95FBA3B7-1B93-4A8C-9C57-B9C70AB5F73B}.Debug|Any CPU.Build.0 = Debug|Any CPU
		{95FBA3B7-1B93-4A8C-9C57-B9C70AB5F73B}.Debug|x64.ActiveCfg = Debug|Any CPU
		{95FBA3B7-1B93-4A8C-9C57-B9C70AB5F73B}.Debug|x64.Build.0 = Debug|Any CPU
		{95FBA3B7-1B93-4A8C-9C57-B9C70AB5F73B}.Debug|x86.ActiveCfg = Debug|Any CPU
		{95FBA3B7-1B93-4A8C-9C57-B9C70AB5F73B}.Debug|x86.Build.0 = Debug|Any CPU
		{95FBA3B7-1B93-4A8C-9C57-B9C70AB5F73B}.Release|Any CPU.ActiveCfg = Release|Any CPU
		{95FBA3B7-1B93-4A8C-9C57-B9C70AB5F73B}.Release|Any CPU.Build.0 = Release|Any CPU
		{95FBA3B7-1B93-4A8C-9C57-B9C70AB5F73B}.Release|x64.ActiveCfg = Release|Any CPU
		{95FBA3B7-1B93-4A8C-9C57-B9C70AB5F73B}.Release|x64.Build.0 = Release|Any CPU
		{95FBA3B7-1B93-4A8C-9C57-B9C70AB5F73B}.Release|x86.ActiveCfg = Release|Any CPU
		{95FBA3B7-1B93-4A8C-9C57-B9C70AB5F73B}.Release|x86.Build.0 = Release|Any CPU
	EndGlobalSection
	GlobalSection(SolutionProperties) = preSolution
		HideSolutionNode = FALSE
	EndGlobalSection
	GlobalSection(NestedProjects) = preSolution
		{7629C7B3-1BE7-B25F-5325-83D3305C4286} = {02EA681E-C7D8-13C7-8484-4AC65E1B71E8}
		{BADCCE0D-FA35-FB57-E9E0-715515BA1BE8} = {02EA681E-C7D8-13C7-8484-4AC65E1B71E8}
		{DDC3F3F5-C9DC-234B-AAFE-686A3EF9D5C0} = {02EA681E-C7D8-13C7-8484-4AC65E1B71E8}
		{CA6D370D-0C40-0695-A269-9D82AC6FA638} = {5FB0AB03-8081-4563-AB49-14D63D1B1CDA}
		{88C3A6D7-3322-41D6-B32F-284920A3BC47} = {0427C969-BA0B-4151-8E7A-425B2F252DA7}
		{BE3FEA4C-7A7B-4B50-9767-D8F4572B33B5} = {02EA681E-C7D8-13C7-8484-4AC65E1B71E8}
		{C0842C73-D810-42A1-A6AB-7B2301EABCD2} = {C5B9490F-12CB-4775-9865-EEC3D676111F}
		{2473593C-547F-42B0-B188-6D06089DCFD1} = {C5B9490F-12CB-4775-9865-EEC3D676111F}
		{B794DEF1-62AD-4737-BFF7-AEDAC23D97D8} = {C5B9490F-12CB-4775-9865-EEC3D676111F}
		{95FBA3B7-1B93-4A8C-9C57-B9C70AB5F73B} = {C5B9490F-12CB-4775-9865-EEC3D676111F}
	EndGlobalSection
	GlobalSection(ExtensibilityGlobals) = postSolution
		SolutionGuid = {A6C38DE8-BB1D-4065-A7BE-2BBEA1518550}
	EndGlobalSection
EndGlobal
