
Microsoft Visual Studio Solution File, Format Version 12.00
# Visual Studio Version 17
VisualStudioVersion = 17.0.31903.59
MinimumVisualStudioVersion = 10.0.40219.1
Project("{2150E333-8FDC-42A3-9474-1A3956D46DE8}") = "Infrastructure", "Infrastructure", "{02EA681E-C7D8-13C7-8484-4AC65E1B71E8}"
EndProject
Project("{2150E333-8FDC-42A3-9474-1A3956D46DE8}") = "Tests", "Tests", "{5FB0AB03-8081-4563-AB49-14D63D1B1CDA}"
EndProject
Project("{2150E333-8FDC-42A3-9474-1A3956D46DE8}") = "Apps", "Apps", "{0427C969-BA0B-4151-8E7A-425B2F252DA7}"
EndProject
Project("{2150E333-8FDC-42A3-9474-1A3956D46DE8}") = "Presentation", "Presentation", "{C5B9490F-12CB-4775-9865-EEC3D676111F}"
EndProject
Project("{2150E333-8FDC-42A3-9474-1A3956D46DE8}") = "RPAs", "RPAs", "{A40D4C1B-D277-4203-906E-5C6AE6E15658}"
EndProject
Project("{FAE04EC0-301F-11D3-BF4B-00C04F79EFBC}") = "KSignals.Infrastructure.AppHost", "KSignals\KSignals.Infrastructure\KSignals.Infrastructure.AppHost\KSignals.Infrastructure.AppHost.csproj", "{126477D3-050D-4E31-ADDF-36A47152D379}"
EndProject
Project("{FAE04EC0-301F-11D3-BF4B-00C04F79EFBC}") = "KSignals.Infrastructure.ServiceDefaults", "KSignals\KSignals.Infrastructure\KSignals.Infrastructure.ServiceDefaults\KSignals.Infrastructure.ServiceDefaults.csproj", "{FB6F909B-F9A3-14E5-120B-4204090B8BC3}"
EndProject
Project("{FAE04EC0-301F-11D3-BF4B-00C04F79EFBC}") = "KSignals.Infrastructure.ApiService", "KSignals\KSignals.Infrastructure\KSignals.Infrastructure.ApiService\KSignals.Infrastructure.ApiService.csproj", "{B32246B1-1016-E8DC-948D-20C5C0D5A94A}"
EndProject
Project("{FAE04EC0-301F-11D3-BF4B-00C04F79EFBC}") = "KSignals.Infrastructure.Web", "KSignals\KSignals.Infrastructure\KSignals.Infrastructure.Web\KSignals.Infrastructure.Web.csproj", "{73F65D94-79AA-38DD-384D-A4C2461A45E1}"
EndProject
Project("{FAE04EC0-301F-11D3-BF4B-00C04F79EFBC}") = "KSignals.Infrastructure.Tests", "KSignals\KSignals.Infrastructure\KSignals.Infrastructure.Tests\KSignals.Infrastructure.Tests.csproj", "{7AE048AC-0476-EF14-FCF0-D6F01FB42D16}"
EndProject
Project("{FAE04EC0-301F-11D3-BF4B-00C04F79EFBC}") = "Ksignals.Apps.Auth", "KSignals\KSignals.Apps\Ksignals.Apps.Auth\Ksignals.Apps.Auth.csproj", "{C3AD190B-F563-4694-90E6-C92736D37375}"
EndProject
Project("{FAE04EC0-301F-11D3-BF4B-00C04F79EFBC}") = "KSignals.Domain.Shared", "KSignals\KSignals.Apps\KSignals.Domain.Shared\KSignals.Domain.Shared.csproj", "{30B2C8CA-137A-9B1C-A2A7-9D7B75B8EF71}"
EndProject
Project("{FAE04EC0-301F-11D3-BF4B-00C04F79EFBC}") = "Maui.ServiceDefaults", "KSignals\KSignals.Infrastructure\Ksignals.Infrastructure.ServiceDefaults.Maui\Maui.ServiceDefaults.csproj", "{33AA2E16-4DF9-C2F0-8737-488260C57E9A}"
EndProject
Project("{FAE04EC0-301F-11D3-BF4B-00C04F79EFBC}") = "KSignals.Presentation", "KSignals\KSignals.Presentation\KSignals.Presentation\KSignals.Presentation.csproj", "{8525670B-D695-4AF0-B809-D1AE260DE1A6}"
EndProject
Project("{FAE04EC0-301F-11D3-BF4B-00C04F79EFBC}") = "KSignals.Presentation.Shared", "KSignals\KSignals.Presentation\KSignals.Presentation.Shared\KSignals.Presentation.Shared.csproj", "{C5E28897-F491-4FBE-BE84-397C7BDE0ABB}"
EndProject
Project("{FAE04EC0-301F-11D3-BF4B-00C04F79EFBC}") = "KSignals.Presentation.Web", "KSignals\KSignals.Presentation\KSignals.Presentation.Web\KSignals.Presentation.Web.csproj", "{01E93969-0269-4B9E-A865-590279A80778}"
EndProject
Project("{FAE04EC0-301F-11D3-BF4B-00C04F79EFBC}") = "KSignals.Presentation.Web.Client", "KSignals\KSignals.Presentation\KSignals.Presentation.Web.Client\KSignals.Presentation.Web.Client.csproj", "{C350C859-293B-49D5-BA08-937E936FDAAC}"
EndProject
Project("{FAE04EC0-301F-11D3-BF4B-00C04F79EFBC}") = "BotSignal.RPA.RealTimeQuote", "KSignals\RPAs\BotSignal.RPA.RealTimeQuote\BotSignal.RPA.RealTimeQuote\BotSignal.RPA.RealTimeQuote.csproj", "{4090851E-40DE-886E-C27A-BA7D82EC039E}"
EndProject
Global
	GlobalSection(SolutionConfigurationPlatforms) = preSolution
		Debug|Any CPU = Debug|Any CPU
		Debug|x64 = Debug|x64
		Debug|x86 = Debug|x86
		Release|Any CPU = Release|Any CPU
		Release|x64 = Release|x64
		Release|x86 = Release|x86
	EndGlobalSection
	GlobalSection(ProjectConfigurationPlatforms) = postSolution
		{126477D3-050D-4E31-ADDF-36A47152D379}.Debug|Any CPU.ActiveCfg = Debug|Any CPU
		{126477D3-050D-4E31-ADDF-36A47152D379}.Debug|Any CPU.Build.0 = Debug|Any CPU
		{126477D3-050D-4E31-ADDF-36A47152D379}.Debug|x64.ActiveCfg = Debug|Any CPU
		{126477D3-050D-4E31-ADDF-36A47152D379}.Debug|x64.Build.0 = Debug|Any CPU
		{126477D3-050D-4E31-ADDF-36A47152D379}.Debug|x86.ActiveCfg = Debug|Any CPU
		{126477D3-050D-4E31-ADDF-36A47152D379}.Debug|x86.Build.0 = Debug|Any CPU
		{126477D3-050D-4E31-ADDF-36A47152D379}.Release|Any CPU.ActiveCfg = Release|Any CPU
		{126477D3-050D-4E31-ADDF-36A47152D379}.Release|Any CPU.Build.0 = Release|Any CPU
		{126477D3-050D-4E31-ADDF-36A47152D379}.Release|x64.ActiveCfg = Release|Any CPU
		{126477D3-050D-4E31-ADDF-36A47152D379}.Release|x64.Build.0 = Release|Any CPU
		{126477D3-050D-4E31-ADDF-36A47152D379}.Release|x86.ActiveCfg = Release|Any CPU
		{126477D3-050D-4E31-ADDF-36A47152D379}.Release|x86.Build.0 = Release|Any CPU
		{FB6F909B-F9A3-14E5-120B-4204090B8BC3}.Debug|Any CPU.ActiveCfg = Debug|Any CPU
		{FB6F909B-F9A3-14E5-120B-4204090B8BC3}.Debug|Any CPU.Build.0 = Debug|Any CPU
		{FB6F909B-F9A3-14E5-120B-4204090B8BC3}.Debug|x64.ActiveCfg = Debug|Any CPU
		{FB6F909B-F9A3-14E5-120B-4204090B8BC3}.Debug|x64.Build.0 = Debug|Any CPU
		{FB6F909B-F9A3-14E5-120B-4204090B8BC3}.Debug|x86.ActiveCfg = Debug|Any CPU
		{FB6F909B-F9A3-14E5-120B-4204090B8BC3}.Debug|x86.Build.0 = Debug|Any CPU
		{FB6F909B-F9A3-14E5-120B-4204090B8BC3}.Release|Any CPU.ActiveCfg = Release|Any CPU
		{FB6F909B-F9A3-14E5-120B-4204090B8BC3}.Release|Any CPU.Build.0 = Release|Any CPU
		{FB6F909B-F9A3-14E5-120B-4204090B8BC3}.Release|x64.ActiveCfg = Release|Any CPU
		{FB6F909B-F9A3-14E5-120B-4204090B8BC3}.Release|x64.Build.0 = Release|Any CPU
		{FB6F909B-F9A3-14E5-120B-4204090B8BC3}.Release|x86.ActiveCfg = Release|Any CPU
		{FB6F909B-F9A3-14E5-120B-4204090B8BC3}.Release|x86.Build.0 = Release|Any CPU
		{B32246B1-1016-E8DC-948D-20C5C0D5A94A}.Debug|Any CPU.ActiveCfg = Debug|Any CPU
		{B32246B1-1016-E8DC-948D-20C5C0D5A94A}.Debug|Any CPU.Build.0 = Debug|Any CPU
		{B32246B1-1016-E8DC-948D-20C5C0D5A94A}.Debug|x64.ActiveCfg = Debug|Any CPU
		{B32246B1-1016-E8DC-948D-20C5C0D5A94A}.Debug|x64.Build.0 = Debug|Any CPU
		{B32246B1-1016-E8DC-948D-20C5C0D5A94A}.Debug|x86.ActiveCfg = Debug|Any CPU
		{B32246B1-1016-E8DC-948D-20C5C0D5A94A}.Debug|x86.Build.0 = Debug|Any CPU
		{B32246B1-1016-E8DC-948D-20C5C0D5A94A}.Release|Any CPU.ActiveCfg = Release|Any CPU
		{B32246B1-1016-E8DC-948D-20C5C0D5A94A}.Release|Any CPU.Build.0 = Release|Any CPU
		{B32246B1-1016-E8DC-948D-20C5C0D5A94A}.Release|x64.ActiveCfg = Release|Any CPU
		{B32246B1-1016-E8DC-948D-20C5C0D5A94A}.Release|x64.Build.0 = Release|Any CPU
		{B32246B1-1016-E8DC-948D-20C5C0D5A94A}.Release|x86.ActiveCfg = Release|Any CPU
		{B32246B1-1016-E8DC-948D-20C5C0D5A94A}.Release|x86.Build.0 = Release|Any CPU
		{73F65D94-79AA-38DD-384D-A4C2461A45E1}.Debug|Any CPU.ActiveCfg = Debug|Any CPU
		{73F65D94-79AA-38DD-384D-A4C2461A45E1}.Debug|Any CPU.Build.0 = Debug|Any CPU
		{73F65D94-79AA-38DD-384D-A4C2461A45E1}.Debug|x64.ActiveCfg = Debug|Any CPU
		{73F65D94-79AA-38DD-384D-A4C2461A45E1}.Debug|x64.Build.0 = Debug|Any CPU
		{73F65D94-79AA-38DD-384D-A4C2461A45E1}.Debug|x86.ActiveCfg = Debug|Any CPU
		{73F65D94-79AA-38DD-384D-A4C2461A45E1}.Debug|x86.Build.0 = Debug|Any CPU
		{73F65D94-79AA-38DD-384D-A4C2461A45E1}.Release|Any CPU.ActiveCfg = Release|Any CPU
		{73F65D94-79AA-38DD-384D-A4C2461A45E1}.Release|Any CPU.Build.0 = Release|Any CPU
		{73F65D94-79AA-38DD-384D-A4C2461A45E1}.Release|x64.ActiveCfg = Release|Any CPU
		{73F65D94-79AA-38DD-384D-A4C2461A45E1}.Release|x64.Build.0 = Release|Any CPU
		{73F65D94-79AA-38DD-384D-A4C2461A45E1}.Release|x86.ActiveCfg = Release|Any CPU
		{73F65D94-79AA-38DD-384D-A4C2461A45E1}.Release|x86.Build.0 = Release|Any CPU
		{7AE048AC-0476-EF14-FCF0-D6F01FB42D16}.Debug|Any CPU.ActiveCfg = Debug|Any CPU
		{7AE048AC-0476-EF14-FCF0-D6F01FB42D16}.Debug|Any CPU.Build.0 = Debug|Any CPU
		{7AE048AC-0476-EF14-FCF0-D6F01FB42D16}.Debug|x64.ActiveCfg = Debug|Any CPU
		{7AE048AC-0476-EF14-FCF0-D6F01FB42D16}.Debug|x64.Build.0 = Debug|Any CPU
		{7AE048AC-0476-EF14-FCF0-D6F01FB42D16}.Debug|x86.ActiveCfg = Debug|Any CPU
		{7AE048AC-0476-EF14-FCF0-D6F01FB42D16}.Debug|x86.Build.0 = Debug|Any CPU
		{7AE048AC-0476-EF14-FCF0-D6F01FB42D16}.Release|Any CPU.ActiveCfg = Release|Any CPU
		{7AE048AC-0476-EF14-FCF0-D6F01FB42D16}.Release|Any CPU.Build.0 = Release|Any CPU
		{7AE048AC-0476-EF14-FCF0-D6F01FB42D16}.Release|x64.ActiveCfg = Release|Any CPU
		{7AE048AC-0476-EF14-FCF0-D6F01FB42D16}.Release|x64.Build.0 = Release|Any CPU
		{7AE048AC-0476-EF14-FCF0-D6F01FB42D16}.Release|x86.ActiveCfg = Release|Any CPU
		{7AE048AC-0476-EF14-FCF0-D6F01FB42D16}.Release|x86.Build.0 = Release|Any CPU
		{C3AD190B-F563-4694-90E6-C92736D37375}.Debug|Any CPU.ActiveCfg = Debug|Any CPU
		{C3AD190B-F563-4694-90E6-C92736D37375}.Debug|Any CPU.Build.0 = Debug|Any CPU
		{C3AD190B-F563-4694-90E6-C92736D37375}.Debug|x64.ActiveCfg = Debug|Any CPU
		{C3AD190B-F563-4694-90E6-C92736D37375}.Debug|x64.Build.0 = Debug|Any CPU
		{C3AD190B-F563-4694-90E6-C92736D37375}.Debug|x86.ActiveCfg = Debug|Any CPU
		{C3AD190B-F563-4694-90E6-C92736D37375}.Debug|x86.Build.0 = Debug|Any CPU
		{C3AD190B-F563-4694-90E6-C92736D37375}.Release|Any CPU.ActiveCfg = Release|Any CPU
		{C3AD190B-F563-4694-90E6-C92736D37375}.Release|Any CPU.Build.0 = Release|Any CPU
		{C3AD190B-F563-4694-90E6-C92736D37375}.Release|x64.ActiveCfg = Release|Any CPU
		{C3AD190B-F563-4694-90E6-C92736D37375}.Release|x64.Build.0 = Release|Any CPU
		{C3AD190B-F563-4694-90E6-C92736D37375}.Release|x86.ActiveCfg = Release|Any CPU
		{C3AD190B-F563-4694-90E6-C92736D37375}.Release|x86.Build.0 = Release|Any CPU
		{30B2C8CA-137A-9B1C-A2A7-9D7B75B8EF71}.Debug|Any CPU.ActiveCfg = Debug|Any CPU
		{30B2C8CA-137A-9B1C-A2A7-9D7B75B8EF71}.Debug|Any CPU.Build.0 = Debug|Any CPU
		{30B2C8CA-137A-9B1C-A2A7-9D7B75B8EF71}.Debug|x64.ActiveCfg = Debug|Any CPU
		{30B2C8CA-137A-9B1C-A2A7-9D7B75B8EF71}.Debug|x64.Build.0 = Debug|Any CPU
		{30B2C8CA-137A-9B1C-A2A7-9D7B75B8EF71}.Debug|x86.ActiveCfg = Debug|Any CPU
		{30B2C8CA-137A-9B1C-A2A7-9D7B75B8EF71}.Debug|x86.Build.0 = Debug|Any CPU
		{30B2C8CA-137A-9B1C-A2A7-9D7B75B8EF71}.Release|Any CPU.ActiveCfg = Release|Any CPU
		{30B2C8CA-137A-9B1C-A2A7-9D7B75B8EF71}.Release|Any CPU.Build.0 = Release|Any CPU
		{30B2C8CA-137A-9B1C-A2A7-9D7B75B8EF71}.Release|x64.ActiveCfg = Release|Any CPU
		{30B2C8CA-137A-9B1C-A2A7-9D7B75B8EF71}.Release|x64.Build.0 = Release|Any CPU
		{30B2C8CA-137A-9B1C-A2A7-9D7B75B8EF71}.Release|x86.ActiveCfg = Release|Any CPU
		{30B2C8CA-137A-9B1C-A2A7-9D7B75B8EF71}.Release|x86.Build.0 = Release|Any CPU
		{33AA2E16-4DF9-C2F0-8737-488260C57E9A}.Debug|Any CPU.ActiveCfg = Debug|Any CPU
		{33AA2E16-4DF9-C2F0-8737-488260C57E9A}.Debug|Any CPU.Build.0 = Debug|Any CPU
		{33AA2E16-4DF9-C2F0-8737-488260C57E9A}.Debug|x64.ActiveCfg = Debug|Any CPU
		{33AA2E16-4DF9-C2F0-8737-488260C57E9A}.Debug|x64.Build.0 = Debug|Any CPU
		{33AA2E16-4DF9-C2F0-8737-488260C57E9A}.Debug|x86.ActiveCfg = Debug|Any CPU
		{33AA2E16-4DF9-C2F0-8737-488260C57E9A}.Debug|x86.Build.0 = Debug|Any CPU
		{33AA2E16-4DF9-C2F0-8737-488260C57E9A}.Release|Any CPU.ActiveCfg = Release|Any CPU
		{33AA2E16-4DF9-C2F0-8737-488260C57E9A}.Release|Any CPU.Build.0 = Release|Any CPU
		{33AA2E16-4DF9-C2F0-8737-488260C57E9A}.Release|x64.ActiveCfg = Release|Any CPU
		{33AA2E16-4DF9-C2F0-8737-488260C57E9A}.Release|x64.Build.0 = Release|Any CPU
		{33AA2E16-4DF9-C2F0-8737-488260C57E9A}.Release|x86.ActiveCfg = Release|Any CPU
		{33AA2E16-4DF9-C2F0-8737-488260C57E9A}.Release|x86.Build.0 = Release|Any CPU
		{8525670B-D695-4AF0-B809-D1AE260DE1A6}.Debug|Any CPU.ActiveCfg = Debug|Any CPU
		{8525670B-D695-4AF0-B809-D1AE260DE1A6}.Debug|Any CPU.Build.0 = Debug|Any CPU
		{8525670B-D695-4AF0-B809-D1AE260DE1A6}.Debug|Any CPU.Deploy.0 = Debug|Any CPU
		{8525670B-D695-4AF0-B809-D1AE260DE1A6}.Debug|x64.ActiveCfg = Debug|Any CPU
		{8525670B-D695-4AF0-B809-D1AE260DE1A6}.Debug|x64.Build.0 = Debug|Any CPU
		{8525670B-D695-4AF0-B809-D1AE260DE1A6}.Debug|x86.ActiveCfg = Debug|Any CPU
		{8525670B-D695-4AF0-B809-D1AE260DE1A6}.Debug|x86.Build.0 = Debug|Any CPU
		{8525670B-D695-4AF0-B809-D1AE260DE1A6}.Release|Any CPU.ActiveCfg = Release|Any CPU
		{8525670B-D695-4AF0-B809-D1AE260DE1A6}.Release|Any CPU.Build.0 = Release|Any CPU
		{8525670B-D695-4AF0-B809-D1AE260DE1A6}.Release|x64.ActiveCfg = Release|Any CPU
		{8525670B-D695-4AF0-B809-D1AE260DE1A6}.Release|x64.Build.0 = Release|Any CPU
		{8525670B-D695-4AF0-B809-D1AE260DE1A6}.Release|x86.ActiveCfg = Release|Any CPU
		{8525670B-D695-4AF0-B809-D1AE260DE1A6}.Release|x86.Build.0 = Release|Any CPU
		{C5E28897-F491-4FBE-BE84-397C7BDE0ABB}.Debug|Any CPU.ActiveCfg = Debug|Any CPU
		{C5E28897-F491-4FBE-BE84-397C7BDE0ABB}.Debug|Any CPU.Build.0 = Debug|Any CPU
		{C5E28897-F491-4FBE-BE84-397C7BDE0ABB}.Debug|x64.ActiveCfg = Debug|Any CPU
		{C5E28897-F491-4FBE-BE84-397C7BDE0ABB}.Debug|x64.Build.0 = Debug|Any CPU
		{C5E28897-F491-4FBE-BE84-397C7BDE0ABB}.Debug|x86.ActiveCfg = Debug|Any CPU
		{C5E28897-F491-4FBE-BE84-397C7BDE0ABB}.Debug|x86.Build.0 = Debug|Any CPU
		{C5E28897-F491-4FBE-BE84-397C7BDE0ABB}.Release|Any CPU.ActiveCfg = Release|Any CPU
		{C5E28897-F491-4FBE-BE84-397C7BDE0ABB}.Release|Any CPU.Build.0 = Release|Any CPU
		{C5E28897-F491-4FBE-BE84-397C7BDE0ABB}.Release|x64.ActiveCfg = Release|Any CPU
		{C5E28897-F491-4FBE-BE84-397C7BDE0ABB}.Release|x64.Build.0 = Release|Any CPU
		{C5E28897-F491-4FBE-BE84-397C7BDE0ABB}.Release|x86.ActiveCfg = Release|Any CPU
		{C5E28897-F491-4FBE-BE84-397C7BDE0ABB}.Release|x86.Build.0 = Release|Any CPU
		{01E93969-0269-4B9E-A865-590279A80778}.Debug|Any CPU.ActiveCfg = Debug|Any CPU
		{01E93969-0269-4B9E-A865-590279A80778}.Debug|Any CPU.Build.0 = Debug|Any CPU
		{01E93969-0269-4B9E-A865-590279A80778}.Debug|x64.ActiveCfg = Debug|Any CPU
		{01E93969-0269-4B9E-A865-590279A80778}.Debug|x64.Build.0 = Debug|Any CPU
		{01E93969-0269-4B9E-A865-590279A80778}.Debug|x86.ActiveCfg = Debug|Any CPU
		{01E93969-0269-4B9E-A865-590279A80778}.Debug|x86.Build.0 = Debug|Any CPU
		{01E93969-0269-4B9E-A865-590279A80778}.Release|Any CPU.ActiveCfg = Release|Any CPU
		{01E93969-0269-4B9E-A865-590279A80778}.Release|Any CPU.Build.0 = Release|Any CPU
		{01E93969-0269-4B9E-A865-590279A80778}.Release|x64.ActiveCfg = Release|Any CPU
		{01E93969-0269-4B9E-A865-590279A80778}.Release|x64.Build.0 = Release|Any CPU
		{01E93969-0269-4B9E-A865-590279A80778}.Release|x86.ActiveCfg = Release|Any CPU
		{01E93969-0269-4B9E-A865-590279A80778}.Release|x86.Build.0 = Release|Any CPU
		{C350C859-293B-49D5-BA08-937E936FDAAC}.Debug|Any CPU.ActiveCfg = Debug|Any CPU
		{C350C859-293B-49D5-BA08-937E936FDAAC}.Debug|Any CPU.Build.0 = Debug|Any CPU
		{C350C859-293B-49D5-BA08-937E936FDAAC}.Debug|x64.ActiveCfg = Debug|Any CPU
		{C350C859-293B-49D5-BA08-937E936FDAAC}.Debug|x64.Build.0 = Debug|Any CPU
		{C350C859-293B-49D5-BA08-937E936FDAAC}.Debug|x86.ActiveCfg = Debug|Any CPU
		{C350C859-293B-49D5-BA08-937E936FDAAC}.Debug|x86.Build.0 = Debug|Any CPU
		{C350C859-293B-49D5-BA08-937E936FDAAC}.Release|Any CPU.ActiveCfg = Release|Any CPU
		{C350C859-293B-49D5-BA08-937E936FDAAC}.Release|Any CPU.Build.0 = Release|Any CPU
		{C350C859-293B-49D5-BA08-937E936FDAAC}.Release|x64.ActiveCfg = Release|Any CPU
		{C350C859-293B-49D5-BA08-937E936FDAAC}.Release|x64.Build.0 = Release|Any CPU
		{C350C859-293B-49D5-BA08-937E936FDAAC}.Release|x86.ActiveCfg = Release|Any CPU
		{C350C859-293B-49D5-BA08-937E936FDAAC}.Release|x86.Build.0 = Release|Any CPU
		{4090851E-40DE-886E-C27A-BA7D82EC039E}.Debug|Any CPU.ActiveCfg = Debug|Any CPU
		{4090851E-40DE-886E-C27A-BA7D82EC039E}.Debug|Any CPU.Build.0 = Debug|Any CPU
		{4090851E-40DE-886E-C27A-BA7D82EC039E}.Debug|x64.ActiveCfg = Debug|Any CPU
		{4090851E-40DE-886E-C27A-BA7D82EC039E}.Debug|x64.Build.0 = Debug|Any CPU
		{4090851E-40DE-886E-C27A-BA7D82EC039E}.Debug|x86.ActiveCfg = Debug|Any CPU
		{4090851E-40DE-886E-C27A-BA7D82EC039E}.Debug|x86.Build.0 = Debug|Any CPU
		{4090851E-40DE-886E-C27A-BA7D82EC039E}.Release|Any CPU.ActiveCfg = Release|Any CPU
		{4090851E-40DE-886E-C27A-BA7D82EC039E}.Release|Any CPU.Build.0 = Release|Any CPU
		{4090851E-40DE-886E-C27A-BA7D82EC039E}.Release|x64.ActiveCfg = Release|Any CPU
		{4090851E-40DE-886E-C27A-BA7D82EC039E}.Release|x64.Build.0 = Release|Any CPU
		{4090851E-40DE-886E-C27A-BA7D82EC039E}.Release|x86.ActiveCfg = Release|Any CPU
		{4090851E-40DE-886E-C27A-BA7D82EC039E}.Release|x86.Build.0 = Release|Any CPU
	EndGlobalSection
	GlobalSection(SolutionProperties) = preSolution
		HideSolutionNode = FALSE
	EndGlobalSection
	GlobalSection(NestedProjects) = preSolution
		{126477D3-050D-4E31-ADDF-36A47152D379} = {02EA681E-C7D8-13C7-8484-4AC65E1B71E8}
		{FB6F909B-F9A3-14E5-120B-4204090B8BC3} = {02EA681E-C7D8-13C7-8484-4AC65E1B71E8}
		{B32246B1-1016-E8DC-948D-20C5C0D5A94A} = {02EA681E-C7D8-13C7-8484-4AC65E1B71E8}
		{73F65D94-79AA-38DD-384D-A4C2461A45E1} = {02EA681E-C7D8-13C7-8484-4AC65E1B71E8}
		{7AE048AC-0476-EF14-FCF0-D6F01FB42D16} = {02EA681E-C7D8-13C7-8484-4AC65E1B71E8}
		{C3AD190B-F563-4694-90E6-C92736D37375} = {0427C969-BA0B-4151-8E7A-425B2F252DA7}
		{30B2C8CA-137A-9B1C-A2A7-9D7B75B8EF71} = {0427C969-BA0B-4151-8E7A-425B2F252DA7}
		{33AA2E16-4DF9-C2F0-8737-488260C57E9A} = {02EA681E-C7D8-13C7-8484-4AC65E1B71E8}
		{8525670B-D695-4AF0-B809-D1AE260DE1A6} = {C5B9490F-12CB-4775-9865-EEC3D676111F}
		{C5E28897-F491-4FBE-BE84-397C7BDE0ABB} = {C5B9490F-12CB-4775-9865-EEC3D676111F}
		{01E93969-0269-4B9E-A865-590279A80778} = {C5B9490F-12CB-4775-9865-EEC3D676111F}
		{C350C859-293B-49D5-BA08-937E936FDAAC} = {C5B9490F-12CB-4775-9865-EEC3D676111F}
		{4090851E-40DE-886E-C27A-BA7D82EC039E} = {A40D4C1B-D277-4203-906E-5C6AE6E15658}
	EndGlobalSection
	GlobalSection(ExtensibilityGlobals) = postSolution
		SolutionGuid = {A6C38DE8-BB1D-4065-A7BE-2BBEA1518550}
	EndGlobalSection
EndGlobal
